
Microsoft Visual Studio Solution File, Format Version 12.00
# Visual Studio Version 17
VisualStudioVersion = 17.5.33627.172
MinimumVisualStudioVersion = 10.0.40219.1
Project("{FAE04EC0-301F-11D3-BF4B-00C04F79EFBC}") = "beecrowd", "beecrowd\beecrowd.csproj", "{885C6A74-F8C3-4A20-8DFC-9CB3F4233255}"
EndProject
Project("{FAE04EC0-301F-11D3-BF4B-00C04F79EFBC}") = "1001", "1001\1001.csproj", "{EE4D6181-631C-49CE-9E0B-8AC36E52282C}"
EndProject
Project("{FAE04EC0-301F-11D3-BF4B-00C04F79EFBC}") = "1002", "1002\1002.csproj", "{C7B825B9-1823-4F84-9581-E2E19758BB47}"
EndProject
Project("{FAE04EC0-301F-11D3-BF4B-00C04F79EFBC}") = "1003", "1003\1003.csproj", "{D3D8A4C4-DC5F-4F83-8D22-1EFD00A558F9}"
EndProject
Project("{FAE04EC0-301F-11D3-BF4B-00C04F79EFBC}") = "1004", "1004\1004.csproj", "{911F8D42-D5A8-40FE-9950-B4B63289BD6F}"
EndProject
Project("{FAE04EC0-301F-11D3-BF4B-00C04F79EFBC}") = "1005", "1005\1005.csproj", "{8948FDD1-9DBD-472B-96B6-2B5702C30405}"
EndProject
Project("{FAE04EC0-301F-11D3-BF4B-00C04F79EFBC}") = "1006", "1006\1006.csproj", "{A15F8257-AA08-4EA6-978A-D96E8EEABF1D}"
EndProject
Project("{FAE04EC0-301F-11D3-BF4B-00C04F79EFBC}") = "1007", "1007\1007.csproj", "{57FE4203-573A-40D1-98B6-09C15D426F15}"
EndProject
Project("{FAE04EC0-301F-11D3-BF4B-00C04F79EFBC}") = "1008", "1008\1008.csproj", "{77EE001E-7C65-4862-8301-4FD29E0B46BF}"
EndProject
Project("{FAE04EC0-301F-11D3-BF4B-00C04F79EFBC}") = "1009", "1009\1009.csproj", "{55AD4D5F-31A0-45B1-B703-A615BFC6054E}"
EndProject
Project("{FAE04EC0-301F-11D3-BF4B-00C04F79EFBC}") = "1010", "1010\1010.csproj", "{CD202EB1-FEA5-44F3-BE4B-4312E9B0DCB7}"
EndProject
Global
	GlobalSection(SolutionConfigurationPlatforms) = preSolution
		Debug|Any CPU = Debug|Any CPU
		Release|Any CPU = Release|Any CPU
	EndGlobalSection
	GlobalSection(ProjectConfigurationPlatforms) = postSolution
		{885C6A74-F8C3-4A20-8DFC-9CB3F4233255}.Debug|Any CPU.ActiveCfg = Debug|Any CPU
		{885C6A74-F8C3-4A20-8DFC-9CB3F4233255}.Debug|Any CPU.Build.0 = Debug|Any CPU
		{885C6A74-F8C3-4A20-8DFC-9CB3F4233255}.Release|Any CPU.ActiveCfg = Release|Any CPU
		{885C6A74-F8C3-4A20-8DFC-9CB3F4233255}.Release|Any CPU.Build.0 = Release|Any CPU
		{EE4D6181-631C-49CE-9E0B-8AC36E52282C}.Debug|Any CPU.ActiveCfg = Debug|Any CPU
		{EE4D6181-631C-49CE-9E0B-8AC36E52282C}.Debug|Any CPU.Build.0 = Debug|Any CPU
		{EE4D6181-631C-49CE-9E0B-8AC36E52282C}.Release|Any CPU.ActiveCfg = Release|Any CPU
		{EE4D6181-631C-49CE-9E0B-8AC36E52282C}.Release|Any CPU.Build.0 = Release|Any CPU
		{C7B825B9-1823-4F84-9581-E2E19758BB47}.Debug|Any CPU.ActiveCfg = Debug|Any CPU
		{C7B825B9-1823-4F84-9581-E2E19758BB47}.Debug|Any CPU.Build.0 = Debug|Any CPU
		{C7B825B9-1823-4F84-9581-E2E19758BB47}.Release|Any CPU.ActiveCfg = Release|Any CPU
		{C7B825B9-1823-4F84-9581-E2E19758BB47}.Release|Any CPU.Build.0 = Release|Any CPU
		{D3D8A4C4-DC5F-4F83-8D22-1EFD00A558F9}.Debug|Any CPU.ActiveCfg = Debug|Any CPU
		{D3D8A4C4-DC5F-4F83-8D22-1EFD00A558F9}.Debug|Any CPU.Build.0 = Debug|Any CPU
		{D3D8A4C4-DC5F-4F83-8D22-1EFD00A558F9}.Release|Any CPU.ActiveCfg = Release|Any CPU
		{D3D8A4C4-DC5F-4F83-8D22-1EFD00A558F9}.Release|Any CPU.Build.0 = Release|Any CPU
		{911F8D42-D5A8-40FE-9950-B4B63289BD6F}.Debug|Any CPU.ActiveCfg = Debug|Any CPU
		{911F8D42-D5A8-40FE-9950-B4B63289BD6F}.Debug|Any CPU.Build.0 = Debug|Any CPU
		{911F8D42-D5A8-40FE-9950-B4B63289BD6F}.Release|Any CPU.ActiveCfg = Release|Any CPU
		{911F8D42-D5A8-40FE-9950-B4B63289BD6F}.Release|Any CPU.Build.0 = Release|Any CPU
		{8948FDD1-9DBD-472B-96B6-2B5702C30405}.Debug|Any CPU.ActiveCfg = Debug|Any CPU
		{8948FDD1-9DBD-472B-96B6-2B5702C30405}.Debug|Any CPU.Build.0 = Debug|Any CPU
		{8948FDD1-9DBD-472B-96B6-2B5702C30405}.Release|Any CPU.ActiveCfg = Release|Any CPU
		{8948FDD1-9DBD-472B-96B6-2B5702C30405}.Release|Any CPU.Build.0 = Release|Any CPU
		{A15F8257-AA08-4EA6-978A-D96E8EEABF1D}.Debug|Any CPU.ActiveCfg = Debug|Any CPU
		{A15F8257-AA08-4EA6-978A-D96E8EEABF1D}.Debug|Any CPU.Build.0 = Debug|Any CPU
		{A15F8257-AA08-4EA6-978A-D96E8EEABF1D}.Release|Any CPU.ActiveCfg = Release|Any CPU
		{A15F8257-AA08-4EA6-978A-D96E8EEABF1D}.Release|Any CPU.Build.0 = Release|Any CPU
		{57FE4203-573A-40D1-98B6-09C15D426F15}.Debug|Any CPU.ActiveCfg = Debug|Any CPU
		{57FE4203-573A-40D1-98B6-09C15D426F15}.Debug|Any CPU.Build.0 = Debug|Any CPU
		{57FE4203-573A-40D1-98B6-09C15D426F15}.Release|Any CPU.ActiveCfg = Release|Any CPU
		{57FE4203-573A-40D1-98B6-09C15D426F15}.Release|Any CPU.Build.0 = Release|Any CPU
		{77EE001E-7C65-4862-8301-4FD29E0B46BF}.Debug|Any CPU.ActiveCfg = Debug|Any CPU
		{77EE001E-7C65-4862-8301-4FD29E0B46BF}.Debug|Any CPU.Build.0 = Debug|Any CPU
		{77EE001E-7C65-4862-8301-4FD29E0B46BF}.Release|Any CPU.ActiveCfg = Release|Any CPU
		{77EE001E-7C65-4862-8301-4FD29E0B46BF}.Release|Any CPU.Build.0 = Release|Any CPU
		{55AD4D5F-31A0-45B1-B703-A615BFC6054E}.Debug|Any CPU.ActiveCfg = Debug|Any CPU
		{55AD4D5F-31A0-45B1-B703-A615BFC6054E}.Debug|Any CPU.Build.0 = Debug|Any CPU
		{55AD4D5F-31A0-45B1-B703-A615BFC6054E}.Release|Any CPU.ActiveCfg = Release|Any CPU
		{55AD4D5F-31A0-45B1-B703-A615BFC6054E}.Release|Any CPU.Build.0 = Release|Any CPU
		{CD202EB1-FEA5-44F3-BE4B-4312E9B0DCB7}.Debug|Any CPU.ActiveCfg = Debug|Any CPU
		{CD202EB1-FEA5-44F3-BE4B-4312E9B0DCB7}.Debug|Any CPU.Build.0 = Debug|Any CPU
		{CD202EB1-FEA5-44F3-BE4B-4312E9B0DCB7}.Release|Any CPU.ActiveCfg = Release|Any CPU
		{CD202EB1-FEA5-44F3-BE4B-4312E9B0DCB7}.Release|Any CPU.Build.0 = Release|Any CPU
	EndGlobalSection
	GlobalSection(SolutionProperties) = preSolution
		HideSolutionNode = FALSE
	EndGlobalSection
	GlobalSection(ExtensibilityGlobals) = postSolution
		SolutionGuid = {A1CF44D6-7221-46FF-93EC-08A367BFFBD1}
	EndGlobalSection
EndGlobal
